
Microsoft Visual Studio Solution File, Format Version 12.00
# Visual Studio Version 17
VisualStudioVersion = 17.6.33829.357
MinimumVisualStudioVersion = 10.0.40219.1
Project("{9A19103F-16F7-4668-BE54-9A1E7A4F7556}") = "BlockBuster", "BlockBuster\BlockBuster.csproj", "{3743697A-BF02-45C7-9C26-849115BA8528}"
EndProject
Project("{FAE04EC0-301F-11D3-BF4B-00C04F79EFBC}") = "BlockBusterTest", "BlockBusterTest\BlockBusterTest.csproj", "{4FEB076D-2537-4CC2-A102-B96EF72E037B}"
EndProject
Project("{FAE04EC0-301F-11D3-BF4B-00C04F79EFBC}") = "BlockBusterConsole", "BlockBusterConsole\BlockBusterConsole.csproj", "{8B77ECFB-1C88-4EFA-A6DC-F3C00C79E0AA}"
EndProject
Global
	GlobalSection(SolutionConfigurationPlatforms) = preSolution
		Debug|Any CPU = Debug|Any CPU
		Release|Any CPU = Release|Any CPU
	EndGlobalSection
	GlobalSection(ProjectConfigurationPlatforms) = postSolution
		{3743697A-BF02-45C7-9C26-849115BA8528}.Debug|Any CPU.ActiveCfg = Debug|Any CPU
		{3743697A-BF02-45C7-9C26-849115BA8528}.Debug|Any CPU.Build.0 = Debug|Any CPU
		{3743697A-BF02-45C7-9C26-849115BA8528}.Release|Any CPU.ActiveCfg = Release|Any CPU
		{3743697A-BF02-45C7-9C26-849115BA8528}.Release|Any CPU.Build.0 = Release|Any CPU
		{4FEB076D-2537-4CC2-A102-B96EF72E037B}.Debug|Any CPU.ActiveCfg = Debug|Any CPU
		{4FEB076D-2537-4CC2-A102-B96EF72E037B}.Debug|Any CPU.Build.0 = Debug|Any CPU
		{4FEB076D-2537-4CC2-A102-B96EF72E037B}.Release|Any CPU.ActiveCfg = Release|Any CPU
		{4FEB076D-2537-4CC2-A102-B96EF72E037B}.Release|Any CPU.Build.0 = Release|Any CPU
		{8B77ECFB-1C88-4EFA-A6DC-F3C00C79E0AA}.Debug|Any CPU.ActiveCfg = Debug|Any CPU
		{8B77ECFB-1C88-4EFA-A6DC-F3C00C79E0AA}.Debug|Any CPU.Build.0 = Debug|Any CPU
		{8B77ECFB-1C88-4EFA-A6DC-F3C00C79E0AA}.Release|Any CPU.ActiveCfg = Release|Any CPU
		{8B77ECFB-1C88-4EFA-A6DC-F3C00C79E0AA}.Release|Any CPU.Build.0 = Release|Any CPU
	EndGlobalSection
	GlobalSection(SolutionProperties) = preSolution
		HideSolutionNode = FALSE
	EndGlobalSection
	GlobalSection(ExtensibilityGlobals) = postSolution
		SolutionGuid = {2095FC67-E3CE-424B-8922-FD7216E91B3A}
	EndGlobalSection
EndGlobal
